{
  "name": "greenmed-crm-build",
  "lockfileVersion": 3,
  "requires": true,
  "packages": {
    "": {
      "name": "greenmed-crm-build",
      "dependencies": {
        "@babel/standalone": "7.22.5"
      }
    },
    "node_modules/@babel/standalone": {
      "version": "7.22.5",
      "resolved": "https://registry.npmjs.org/@babel/standalone/-/standalone-7.22.5.tgz",
      "integrity": "sha512-6Lwhzral4YDEbIM3dBC8/w0BMDvOosGBGaJWSORLkerx8byawkmwwzXKUB0jGlI1Zp90+cK2uyTl62UPtLbUjQ==",
      "license": "MIT",
      "engines": {
        "node": ">=6.9.0"
      }
    }
  }
}
